// !$*UTF8*$!
{
	archiveVersion = 1;
	classes = {
	};
	objectVersion = 46;
	objects = {

/* Begin PBXBuildFile section */
		5C08F19F1647F94C0031B244 /* settings.png in Resources */ = {isa = PBXBuildFile; fileRef = 5C08F19D1647F94C0031B244 /* settings.png */; };
		5C08F1A01647F94C0031B244 /* settings@2x.png in Resources */ = {isa = PBXBuildFile; fileRef = 5C08F19E1647F94C0031B244 /* settings@2x.png */; };
		5C0EBDA516173C4A00DFFFC9 /* HSRMenuViewController.m in Sources */ = {isa = PBXBuildFile; fileRef = 5C0EBDA416173C4A00DFFFC9 /* HSRMenuViewController.m */; };
		5C0FCCD51652919800C901AF /* stars0.png in Resources */ = {isa = PBXBuildFile; fileRef = 5C0FCCC91652919700C901AF /* stars0.png */; };
		5C0FCCD61652919800C901AF /* stars0@2x.png in Resources */ = {isa = PBXBuildFile; fileRef = 5C0FCCCA1652919700C901AF /* stars0@2x.png */; };
		5C0FCCD71652919800C901AF /* stars1.png in Resources */ = {isa = PBXBuildFile; fileRef = 5C0FCCCB1652919700C901AF /* stars1.png */; };
		5C0FCCD81652919800C901AF /* stars1@2x.png in Resources */ = {isa = PBXBuildFile; fileRef = 5C0FCCCC1652919700C901AF /* stars1@2x.png */; };
		5C0FCCD91652919800C901AF /* stars2.png in Resources */ = {isa = PBXBuildFile; fileRef = 5C0FCCCD1652919700C901AF /* stars2.png */; };
		5C0FCCDA1652919800C901AF /* stars2@2x.png in Resources */ = {isa = PBXBuildFile; fileRef = 5C0FCCCE1652919700C901AF /* stars2@2x.png */; };
		5C0FCCDB1652919800C901AF /* stars3.png in Resources */ = {isa = PBXBuildFile; fileRef = 5C0FCCCF1652919700C901AF /* stars3.png */; };
		5C0FCCDC1652919800C901AF /* stars3@2x.png in Resources */ = {isa = PBXBuildFile; fileRef = 5C0FCCD01652919700C901AF /* stars3@2x.png */; };
		5C0FCCDD1652919800C901AF /* stars4.png in Resources */ = {isa = PBXBuildFile; fileRef = 5C0FCCD11652919700C901AF /* stars4.png */; };
		5C0FCCDE1652919800C901AF /* stars4@2x.png in Resources */ = {isa = PBXBuildFile; fileRef = 5C0FCCD21652919700C901AF /* stars4@2x.png */; };
		5C0FCCDF1652919800C901AF /* stars5.png in Resources */ = {isa = PBXBuildFile; fileRef = 5C0FCCD31652919800C901AF /* stars5.png */; };
		5C0FCCE01652919800C901AF /* stars5@2x.png in Resources */ = {isa = PBXBuildFile; fileRef = 5C0FCCD41652919800C901AF /* stars5@2x.png */; };
		5C0FCCE316529D5E00C901AF /* astar_blank.png in Resources */ = {isa = PBXBuildFile; fileRef = 5C0FCCE116529D5E00C901AF /* astar_blank.png */; };
		5C0FCCE416529D5E00C901AF /* astar.png in Resources */ = {isa = PBXBuildFile; fileRef = 5C0FCCE216529D5E00C901AF /* astar.png */; };
		5C15FD15161DD7F90088DE2F /* HSRSettingsViewController.m in Sources */ = {isa = PBXBuildFile; fileRef = 5C15FD14161DD7F90088DE2F /* HSRSettingsViewController.m */; };
		5C34D214165522EB00760F19 /* HSRRatingView.m in Sources */ = {isa = PBXBuildFile; fileRef = 5C34D213165522EB00760F19 /* HSRRatingView.m */; };
		5C34D2181655314200760F19 /* banner_menu1.png in Resources */ = {isa = PBXBuildFile; fileRef = 5C34D2161655314200760F19 /* banner_menu1.png */; };
		5C34D2191655314200760F19 /* banner_menu2.png in Resources */ = {isa = PBXBuildFile; fileRef = 5C34D2171655314200760F19 /* banner_menu2.png */; };
		5C4698E616494F2C007C6B4F /* navbar_menu.png in Resources */ = {isa = PBXBuildFile; fileRef = 5C4698E416494F2C007C6B4F /* navbar_menu.png */; };
		5C4698E716494F2C007C6B4F /* navbar_menu@2x.png in Resources */ = {isa = PBXBuildFile; fileRef = 5C4698E516494F2C007C6B4F /* navbar_menu@2x.png */; };
		5C4698EA16495059007C6B4F /* navbar_badge.png in Resources */ = {isa = PBXBuildFile; fileRef = 5C4698E816495059007C6B4F /* navbar_badge.png */; };
		5C4698EB16495059007C6B4F /* navbar_badge@2x.png in Resources */ = {isa = PBXBuildFile; fileRef = 5C4698E916495059007C6B4F /* navbar_badge@2x.png */; };
		5C4698EE16495120007C6B4F /* navbar_settings.png in Resources */ = {isa = PBXBuildFile; fileRef = 5C4698EC16495120007C6B4F /* navbar_settings.png */; };
		5C4698EF16495120007C6B4F /* navbar_settings@2x.png in Resources */ = {isa = PBXBuildFile; fileRef = 5C4698ED16495120007C6B4F /* navbar_settings@2x.png */; };
		5C4BBFC2164D36E900BF4843 /* HSRMenuConnection.m in Sources */ = {isa = PBXBuildFile; fileRef = 5C4BBFC1164D36E900BF4843 /* HSRMenuConnection.m */; };
		5C85F453163E6AAF00764B46 /* icon_iphone_high.png in Resources */ = {isa = PBXBuildFile; fileRef = 5C85F452163E6AAF00764B46 /* icon_iphone_high.png */; };
		5C85F456163E6AB900764B46 /* icon_iphone.png in Resources */ = {isa = PBXBuildFile; fileRef = 5C85F455163E6AB900764B46 /* icon_iphone.png */; };
		5C85F458163EBB5000764B46 /* badgesaldo.png in Resources */ = {isa = PBXBuildFile; fileRef = 5C85F457163EBB5000764B46 /* badgesaldo.png */; };
		5C85F45A163EBF1000764B46 /* badgesaldo@2x.png in Resources */ = {isa = PBXBuildFile; fileRef = 5C85F459163EBF1000764B46 /* badgesaldo@2x.png */; };
		5C85F469163ECED800764B46 /* badgerecent.png in Resources */ = {isa = PBXBuildFile; fileRef = 5C85F467163ECED800764B46 /* badgerecent.png */; };
		5C85F46A163ECED800764B46 /* badgerecent@2x.png in Resources */ = {isa = PBXBuildFile; fileRef = 5C85F468163ECED800764B46 /* badgerecent@2x.png */; };
		5C85F471163EE14200764B46 /* start.png in Resources */ = {isa = PBXBuildFile; fileRef = 5C85F46F163EE14200764B46 /* start.png */; };
		5C85F472163EE14200764B46 /* start@2x.png in Resources */ = {isa = PBXBuildFile; fileRef = 5C85F470163EE14200764B46 /* start@2x.png */; };
		5C90458616305740002F02F7 /* Security.framework in Frameworks */ = {isa = PBXBuildFile; fileRef = 5C90458516305740002F02F7 /* Security.framework */; };
		5C922B18162C565B003D9A85 /* ODRefreshControl.m in Sources */ = {isa = PBXBuildFile; fileRef = 5C922B17162C565B003D9A85 /* ODRefreshControl.m */; };
		5C922B1B162C5721003D9A85 /* QuartzCore.framework in Frameworks */ = {isa = PBXBuildFile; fileRef = 5C922B1A162C5721003D9A85 /* QuartzCore.framework */; };
		5C95A3DF1611F47000C74C28 /* UIKit.framework in Frameworks */ = {isa = PBXBuildFile; fileRef = 5C95A3DE1611F47000C74C28 /* UIKit.framework */; };
		5C95A3E11611F47000C74C28 /* Foundation.framework in Frameworks */ = {isa = PBXBuildFile; fileRef = 5C95A3E01611F47000C74C28 /* Foundation.framework */; };
		5C95A3E31611F47000C74C28 /* CoreGraphics.framework in Frameworks */ = {isa = PBXBuildFile; fileRef = 5C95A3E21611F47000C74C28 /* CoreGraphics.framework */; };
		5C95A3E91611F47000C74C28 /* InfoPlist.strings in Resources */ = {isa = PBXBuildFile; fileRef = 5C95A3E71611F47000C74C28 /* InfoPlist.strings */; };
		5C95A3EB1611F47000C74C28 /* main.m in Sources */ = {isa = PBXBuildFile; fileRef = 5C95A3EA1611F47000C74C28 /* main.m */; };
		5C95A3EF1611F47000C74C28 /* HSRAppDelegate.m in Sources */ = {isa = PBXBuildFile; fileRef = 5C95A3EE1611F47000C74C28 /* HSRAppDelegate.m */; };
		5C95A3F81611F47000C74C28 /* MainStoryboard.storyboard in Resources */ = {isa = PBXBuildFile; fileRef = 5C95A3F61611F47000C74C28 /* MainStoryboard.storyboard */; };
		5C95A3FB1611F47000C74C28 /* HSRFirstViewController.m in Sources */ = {isa = PBXBuildFile; fileRef = 5C95A3FA1611F47000C74C28 /* HSRFirstViewController.m */; };
		5C95A4021611F47000C74C28 /* HSRBadgeViewController.m in Sources */ = {isa = PBXBuildFile; fileRef = 5C95A4011611F47000C74C28 /* HSRBadgeViewController.m */; };
		5C95A40E1611F47000C74C28 /* SenTestingKit.framework in Frameworks */ = {isa = PBXBuildFile; fileRef = 5C95A40D1611F47000C74C28 /* SenTestingKit.framework */; };
		5C95A40F1611F47000C74C28 /* UIKit.framework in Frameworks */ = {isa = PBXBuildFile; fileRef = 5C95A3DE1611F47000C74C28 /* UIKit.framework */; };
		5C95A4101611F47000C74C28 /* Foundation.framework in Frameworks */ = {isa = PBXBuildFile; fileRef = 5C95A3E01611F47000C74C28 /* Foundation.framework */; };
		5C95A4181611F47000C74C28 /* InfoPlist.strings in Resources */ = {isa = PBXBuildFile; fileRef = 5C95A4161611F47000C74C28 /* InfoPlist.strings */; };
		5C95A41B1611F47000C74C28 /* HSRMenuTests.m in Sources */ = {isa = PBXBuildFile; fileRef = 5C95A41A1611F47000C74C28 /* HSRMenuTests.m */; };
		5C9F02141654145500CE72E1 /* banner_menu3.png in Resources */ = {isa = PBXBuildFile; fileRef = 5C9F02131654145500CE72E1 /* banner_menu3.png */; };
		5C9F0217165414F400CE72E1 /* menu_background.png in Resources */ = {isa = PBXBuildFile; fileRef = 5C9F0216165414F400CE72E1 /* menu_background.png */; };
		5CAAD292163541B00049E055 /* KeychainItemWrapper.m in Sources */ = {isa = PBXBuildFile; fileRef = 5CAAD291163541B00049E055 /* KeychainItemWrapper.m */; settings = {COMPILER_FLAGS = "-fno-objc-arc"; }; };
		5CAAD29516355DAD0049E055 /* NSData+Base64.m in Sources */ = {isa = PBXBuildFile; fileRef = 5CAAD29416355DAD0049E055 /* NSData+Base64.m */; settings = {COMPILER_FLAGS = "-fno-objc-arc"; }; };
		5CACD457165A3FD20021ECA4 /* DLStarRatingControl.m in Sources */ = {isa = PBXBuildFile; fileRef = 5CACD44B165A3FD20021ECA4 /* DLStarRatingControl.m */; };
		5CACD458165A3FD20021ECA4 /* DLStarView.m in Sources */ = {isa = PBXBuildFile; fileRef = 5CACD44D165A3FD20021ECA4 /* DLStarView.m */; };
		5CACD45F165A3FD20021ECA4 /* UIView+Subviews.m in Sources */ = {isa = PBXBuildFile; fileRef = 5CACD456165A3FD20021ECA4 /* UIView+Subviews.m */; };
		5CACD464165A41E60021ECA4 /* star@2x.png in Resources */ = {isa = PBXBuildFile; fileRef = 5CACD460165A41E60021ECA4 /* star@2x.png */; };
		5CACD467165A41E60021ECA4 /* star.png in Resources */ = {isa = PBXBuildFile; fileRef = 5CACD463165A41E60021ECA4 /* star.png */; };
		5CACD46A165A42A10021ECA4 /* star_highlighted@2x.png in Resources */ = {isa = PBXBuildFile; fileRef = 5CACD468165A42A10021ECA4 /* star_highlighted@2x.png */; };
		5CACD46B165A42A10021ECA4 /* star_highlighted.png in Resources */ = {isa = PBXBuildFile; fileRef = 5CACD469165A42A10021ECA4 /* star_highlighted.png */; };
		5CDB2357165E875800975DAE /* HSRBadgeConnection.m in Sources */ = {isa = PBXBuildFile; fileRef = 5CDB2356165E875800975DAE /* HSRBadgeConnection.m */; };
		5CFD5AED16148DAD00B01324 /* Default-568h@2x.png in Resources */ = {isa = PBXBuildFile; fileRef = 5CFD5AEC16148DAD00B01324 /* Default-568h@2x.png */; };
		5CFD5AF016149AF800B01324 /* Localizable.strings in Resources */ = {isa = PBXBuildFile; fileRef = 5CFD5AF216149AF800B01324 /* Localizable.strings */; };
		5CFD5AF41614A16500B01324 /* Default@2x.png in Resources */ = {isa = PBXBuildFile; fileRef = 5CFD5AF31614A16500B01324 /* Default@2x.png */; };
		5CFD5AF61614A19400B01324 /* Default.png in Resources */ = {isa = PBXBuildFile; fileRef = 5CFD5AF51614A19400B01324 /* Default.png */; };
/* End PBXBuildFile section */

/* Begin PBXContainerItemProxy section */
		5C95A4111611F47000C74C28 /* PBXContainerItemProxy */ = {
			isa = PBXContainerItemProxy;
			containerPortal = 5C95A3D11611F47000C74C28 /* Project object */;
			proxyType = 1;
			remoteGlobalIDString = 5C95A3D91611F47000C74C28;
			remoteInfo = HSRMenu;
		};
/* End PBXContainerItemProxy section */

/* Begin PBXFileReference section */
		5C08F19D1647F94C0031B244 /* settings.png */ = {isa = PBXFileReference; lastKnownFileType = image.png; path = settings.png; sourceTree = "<group>"; };
		5C08F19E1647F94C0031B244 /* settings@2x.png */ = {isa = PBXFileReference; lastKnownFileType = image.png; path = "settings@2x.png"; sourceTree = "<group>"; };
		5C0EBDA316173C4A00DFFFC9 /* HSRMenuViewController.h */ = {isa = PBXFileReference; fileEncoding = 4; lastKnownFileType = sourcecode.c.h; path = HSRMenuViewController.h; sourceTree = "<group>"; };
		5C0EBDA416173C4A00DFFFC9 /* HSRMenuViewController.m */ = {isa = PBXFileReference; fileEncoding = 4; lastKnownFileType = sourcecode.c.objc; path = HSRMenuViewController.m; sourceTree = "<group>"; };
		5C0FCCC91652919700C901AF /* stars0.png */ = {isa = PBXFileReference; lastKnownFileType = image.png; path = stars0.png; sourceTree = "<group>"; };
		5C0FCCCA1652919700C901AF /* stars0@2x.png */ = {isa = PBXFileReference; lastKnownFileType = image.png; path = "stars0@2x.png"; sourceTree = "<group>"; };
		5C0FCCCB1652919700C901AF /* stars1.png */ = {isa = PBXFileReference; lastKnownFileType = image.png; path = stars1.png; sourceTree = "<group>"; };
		5C0FCCCC1652919700C901AF /* stars1@2x.png */ = {isa = PBXFileReference; lastKnownFileType = image.png; path = "stars1@2x.png"; sourceTree = "<group>"; };
		5C0FCCCD1652919700C901AF /* stars2.png */ = {isa = PBXFileReference; lastKnownFileType = image.png; path = stars2.png; sourceTree = "<group>"; };
		5C0FCCCE1652919700C901AF /* stars2@2x.png */ = {isa = PBXFileReference; lastKnownFileType = image.png; path = "stars2@2x.png"; sourceTree = "<group>"; };
		5C0FCCCF1652919700C901AF /* stars3.png */ = {isa = PBXFileReference; lastKnownFileType = image.png; path = stars3.png; sourceTree = "<group>"; };
		5C0FCCD01652919700C901AF /* stars3@2x.png */ = {isa = PBXFileReference; lastKnownFileType = image.png; path = "stars3@2x.png"; sourceTree = "<group>"; };
		5C0FCCD11652919700C901AF /* stars4.png */ = {isa = PBXFileReference; lastKnownFileType = image.png; path = stars4.png; sourceTree = "<group>"; };
		5C0FCCD21652919700C901AF /* stars4@2x.png */ = {isa = PBXFileReference; lastKnownFileType = image.png; path = "stars4@2x.png"; sourceTree = "<group>"; };
		5C0FCCD31652919800C901AF /* stars5.png */ = {isa = PBXFileReference; lastKnownFileType = image.png; path = stars5.png; sourceTree = "<group>"; };
		5C0FCCD41652919800C901AF /* stars5@2x.png */ = {isa = PBXFileReference; lastKnownFileType = image.png; path = "stars5@2x.png"; sourceTree = "<group>"; };
		5C0FCCE116529D5E00C901AF /* astar_blank.png */ = {isa = PBXFileReference; lastKnownFileType = image.png; path = astar_blank.png; sourceTree = "<group>"; };
		5C0FCCE216529D5E00C901AF /* astar.png */ = {isa = PBXFileReference; lastKnownFileType = image.png; path = astar.png; sourceTree = "<group>"; };
		5C15FD13161DD7F90088DE2F /* HSRSettingsViewController.h */ = {isa = PBXFileReference; fileEncoding = 4; lastKnownFileType = sourcecode.c.h; path = HSRSettingsViewController.h; sourceTree = "<group>"; };
		5C15FD14161DD7F90088DE2F /* HSRSettingsViewController.m */ = {isa = PBXFileReference; fileEncoding = 4; lastKnownFileType = sourcecode.c.objc; path = HSRSettingsViewController.m; sourceTree = "<group>"; };
		5C34D212165522EB00760F19 /* HSRRatingView.h */ = {isa = PBXFileReference; fileEncoding = 4; lastKnownFileType = sourcecode.c.h; path = HSRRatingView.h; sourceTree = "<group>"; };
		5C34D213165522EB00760F19 /* HSRRatingView.m */ = {isa = PBXFileReference; fileEncoding = 4; lastKnownFileType = sourcecode.c.objc; path = HSRRatingView.m; sourceTree = "<group>"; };
		5C34D2161655314200760F19 /* banner_menu1.png */ = {isa = PBXFileReference; lastKnownFileType = image.png; path = banner_menu1.png; sourceTree = "<group>"; };
		5C34D2171655314200760F19 /* banner_menu2.png */ = {isa = PBXFileReference; lastKnownFileType = image.png; path = banner_menu2.png; sourceTree = "<group>"; };
		5C4698E416494F2C007C6B4F /* navbar_menu.png */ = {isa = PBXFileReference; lastKnownFileType = image.png; path = navbar_menu.png; sourceTree = "<group>"; };
		5C4698E516494F2C007C6B4F /* navbar_menu@2x.png */ = {isa = PBXFileReference; lastKnownFileType = image.png; path = "navbar_menu@2x.png"; sourceTree = "<group>"; };
		5C4698E816495059007C6B4F /* navbar_badge.png */ = {isa = PBXFileReference; lastKnownFileType = image.png; path = navbar_badge.png; sourceTree = "<group>"; };
		5C4698E916495059007C6B4F /* navbar_badge@2x.png */ = {isa = PBXFileReference; lastKnownFileType = image.png; path = "navbar_badge@2x.png"; sourceTree = "<group>"; };
		5C4698EC16495120007C6B4F /* navbar_settings.png */ = {isa = PBXFileReference; lastKnownFileType = image.png; path = navbar_settings.png; sourceTree = "<group>"; };
		5C4698ED16495120007C6B4F /* navbar_settings@2x.png */ = {isa = PBXFileReference; lastKnownFileType = image.png; path = "navbar_settings@2x.png"; sourceTree = "<group>"; };
		5C4BBFC0164D36E900BF4843 /* HSRMenuConnection.h */ = {isa = PBXFileReference; fileEncoding = 4; lastKnownFileType = sourcecode.c.h; name = HSRMenuConnection.h; path = Connection/HSRMenuConnection.h; sourceTree = "<group>"; };
		5C4BBFC1164D36E900BF4843 /* HSRMenuConnection.m */ = {isa = PBXFileReference; fileEncoding = 4; lastKnownFileType = sourcecode.c.objc; name = HSRMenuConnection.m; path = Connection/HSRMenuConnection.m; sourceTree = "<group>"; };
		5C85F452163E6AAF00764B46 /* icon_iphone_high.png */ = {isa = PBXFileReference; lastKnownFileType = image.png; name = icon_iphone_high.png; path = ../icon_iphone_high.png; sourceTree = "<group>"; };
		5C85F455163E6AB900764B46 /* icon_iphone.png */ = {isa = PBXFileReference; lastKnownFileType = image.png; name = icon_iphone.png; path = ../icon_iphone.png; sourceTree = "<group>"; };
		5C85F457163EBB5000764B46 /* badgesaldo.png */ = {isa = PBXFileReference; lastKnownFileType = image.png; path = badgesaldo.png; sourceTree = "<group>"; };
		5C85F459163EBF1000764B46 /* badgesaldo@2x.png */ = {isa = PBXFileReference; lastKnownFileType = image.png; path = "badgesaldo@2x.png"; sourceTree = "<group>"; };
		5C85F467163ECED800764B46 /* badgerecent.png */ = {isa = PBXFileReference; lastKnownFileType = image.png; path = badgerecent.png; sourceTree = "<group>"; };
		5C85F468163ECED800764B46 /* badgerecent@2x.png */ = {isa = PBXFileReference; lastKnownFileType = image.png; path = "badgerecent@2x.png"; sourceTree = "<group>"; };
		5C85F46F163EE14200764B46 /* start.png */ = {isa = PBXFileReference; lastKnownFileType = image.png; path = start.png; sourceTree = "<group>"; };
		5C85F470163EE14200764B46 /* start@2x.png */ = {isa = PBXFileReference; lastKnownFileType = image.png; path = "start@2x.png"; sourceTree = "<group>"; };
		5C90458516305740002F02F7 /* Security.framework */ = {isa = PBXFileReference; lastKnownFileType = wrapper.framework; name = Security.framework; path = System/Library/Frameworks/Security.framework; sourceTree = SDKROOT; };
		5C922B16162C565B003D9A85 /* ODRefreshControl.h */ = {isa = PBXFileReference; fileEncoding = 4; lastKnownFileType = sourcecode.c.h; path = ODRefreshControl.h; sourceTree = "<group>"; };
		5C922B17162C565B003D9A85 /* ODRefreshControl.m */ = {isa = PBXFileReference; fileEncoding = 4; lastKnownFileType = sourcecode.c.objc; path = ODRefreshControl.m; sourceTree = "<group>"; };
		5C922B1A162C5721003D9A85 /* QuartzCore.framework */ = {isa = PBXFileReference; lastKnownFileType = wrapper.framework; name = QuartzCore.framework; path = System/Library/Frameworks/QuartzCore.framework; sourceTree = SDKROOT; };
		5C95A3DA1611F47000C74C28 /* HSRMenu.app */ = {isa = PBXFileReference; explicitFileType = wrapper.application; includeInIndex = 0; path = HSRMenu.app; sourceTree = BUILT_PRODUCTS_DIR; };
		5C95A3DE1611F47000C74C28 /* UIKit.framework */ = {isa = PBXFileReference; lastKnownFileType = wrapper.framework; name = UIKit.framework; path = System/Library/Frameworks/UIKit.framework; sourceTree = SDKROOT; };
		5C95A3E01611F47000C74C28 /* Foundation.framework */ = {isa = PBXFileReference; lastKnownFileType = wrapper.framework; name = Foundation.framework; path = System/Library/Frameworks/Foundation.framework; sourceTree = SDKROOT; };
		5C95A3E21611F47000C74C28 /* CoreGraphics.framework */ = {isa = PBXFileReference; lastKnownFileType = wrapper.framework; name = CoreGraphics.framework; path = System/Library/Frameworks/CoreGraphics.framework; sourceTree = SDKROOT; };
		5C95A3E61611F47000C74C28 /* HSRMenu-Info.plist */ = {isa = PBXFileReference; lastKnownFileType = text.plist.xml; path = "HSRMenu-Info.plist"; sourceTree = "<group>"; };
		5C95A3E81611F47000C74C28 /* en */ = {isa = PBXFileReference; lastKnownFileType = text.plist.strings; name = en; path = en.lproj/InfoPlist.strings; sourceTree = "<group>"; };
		5C95A3EA1611F47000C74C28 /* main.m */ = {isa = PBXFileReference; lastKnownFileType = sourcecode.c.objc; path = main.m; sourceTree = "<group>"; };
		5C95A3EC1611F47000C74C28 /* HSRMenu-Prefix.pch */ = {isa = PBXFileReference; lastKnownFileType = sourcecode.c.h; path = "HSRMenu-Prefix.pch"; sourceTree = "<group>"; };
		5C95A3ED1611F47000C74C28 /* HSRAppDelegate.h */ = {isa = PBXFileReference; lastKnownFileType = sourcecode.c.h; path = HSRAppDelegate.h; sourceTree = "<group>"; };
		5C95A3EE1611F47000C74C28 /* HSRAppDelegate.m */ = {isa = PBXFileReference; lastKnownFileType = sourcecode.c.objc; path = HSRAppDelegate.m; sourceTree = "<group>"; };
		5C95A3F71611F47000C74C28 /* en */ = {isa = PBXFileReference; lastKnownFileType = file.storyboard; name = en; path = en.lproj/MainStoryboard.storyboard; sourceTree = "<group>"; };
		5C95A3F91611F47000C74C28 /* HSRFirstViewController.h */ = {isa = PBXFileReference; lastKnownFileType = sourcecode.c.h; path = HSRFirstViewController.h; sourceTree = "<group>"; };
		5C95A3FA1611F47000C74C28 /* HSRFirstViewController.m */ = {isa = PBXFileReference; lastKnownFileType = sourcecode.c.objc; path = HSRFirstViewController.m; sourceTree = "<group>"; };
		5C95A4001611F47000C74C28 /* HSRBadgeViewController.h */ = {isa = PBXFileReference; lastKnownFileType = sourcecode.c.h; path = HSRBadgeViewController.h; sourceTree = "<group>"; };
		5C95A4011611F47000C74C28 /* HSRBadgeViewController.m */ = {isa = PBXFileReference; lastKnownFileType = sourcecode.c.objc; path = HSRBadgeViewController.m; sourceTree = "<group>"; };
		5C95A40C1611F47000C74C28 /* HSRMenuTests.octest */ = {isa = PBXFileReference; explicitFileType = wrapper.cfbundle; includeInIndex = 0; path = HSRMenuTests.octest; sourceTree = BUILT_PRODUCTS_DIR; };
		5C95A40D1611F47000C74C28 /* SenTestingKit.framework */ = {isa = PBXFileReference; lastKnownFileType = wrapper.framework; name = SenTestingKit.framework; path = Library/Frameworks/SenTestingKit.framework; sourceTree = DEVELOPER_DIR; };
		5C95A4151611F47000C74C28 /* HSRMenuTests-Info.plist */ = {isa = PBXFileReference; lastKnownFileType = text.plist.xml; path = "HSRMenuTests-Info.plist"; sourceTree = "<group>"; };
		5C95A4171611F47000C74C28 /* en */ = {isa = PBXFileReference; lastKnownFileType = text.plist.strings; name = en; path = en.lproj/InfoPlist.strings; sourceTree = "<group>"; };
		5C95A4191611F47000C74C28 /* HSRMenuTests.h */ = {isa = PBXFileReference; lastKnownFileType = sourcecode.c.h; path = HSRMenuTests.h; sourceTree = "<group>"; };
		5C95A41A1611F47000C74C28 /* HSRMenuTests.m */ = {isa = PBXFileReference; lastKnownFileType = sourcecode.c.objc; path = HSRMenuTests.m; sourceTree = "<group>"; };
		5C9F02131654145500CE72E1 /* banner_menu3.png */ = {isa = PBXFileReference; lastKnownFileType = image.png; path = banner_menu3.png; sourceTree = "<group>"; };
		5C9F0216165414F400CE72E1 /* menu_background.png */ = {isa = PBXFileReference; lastKnownFileType = image.png; path = menu_background.png; sourceTree = "<group>"; };
		5CAAD290163541B00049E055 /* KeychainItemWrapper.h */ = {isa = PBXFileReference; fileEncoding = 4; lastKnownFileType = sourcecode.c.h; path = KeychainItemWrapper.h; sourceTree = "<group>"; };
		5CAAD291163541B00049E055 /* KeychainItemWrapper.m */ = {isa = PBXFileReference; fileEncoding = 4; lastKnownFileType = sourcecode.c.objc; path = KeychainItemWrapper.m; sourceTree = "<group>"; };
		5CAAD29316355DAD0049E055 /* NSData+Base64.h */ = {isa = PBXFileReference; fileEncoding = 4; lastKnownFileType = sourcecode.c.h; path = "NSData+Base64.h"; sourceTree = "<group>"; };
		5CAAD29416355DAD0049E055 /* NSData+Base64.m */ = {isa = PBXFileReference; fileEncoding = 4; lastKnownFileType = sourcecode.c.objc; path = "NSData+Base64.m"; sourceTree = "<group>"; };
		5CACD44A165A3FD20021ECA4 /* DLStarRatingControl.h */ = {isa = PBXFileReference; fileEncoding = 4; lastKnownFileType = sourcecode.c.h; path = DLStarRatingControl.h; sourceTree = "<group>"; };
		5CACD44B165A3FD20021ECA4 /* DLStarRatingControl.m */ = {isa = PBXFileReference; fileEncoding = 4; lastKnownFileType = sourcecode.c.objc; path = DLStarRatingControl.m; sourceTree = "<group>"; };
		5CACD44C165A3FD20021ECA4 /* DLStarView.h */ = {isa = PBXFileReference; fileEncoding = 4; lastKnownFileType = sourcecode.c.h; path = DLStarView.h; sourceTree = "<group>"; };
		5CACD44D165A3FD20021ECA4 /* DLStarView.m */ = {isa = PBXFileReference; fileEncoding = 4; lastKnownFileType = sourcecode.c.objc; path = DLStarView.m; sourceTree = "<group>"; };
		5CACD455165A3FD20021ECA4 /* UIView+Subviews.h */ = {isa = PBXFileReference; fileEncoding = 4; lastKnownFileType = sourcecode.c.h; path = "UIView+Subviews.h"; sourceTree = "<group>"; };
		5CACD456165A3FD20021ECA4 /* UIView+Subviews.m */ = {isa = PBXFileReference; fileEncoding = 4; lastKnownFileType = sourcecode.c.objc; path = "UIView+Subviews.m"; sourceTree = "<group>"; };
		5CACD460165A41E60021ECA4 /* star@2x.png */ = {isa = PBXFileReference; lastKnownFileType = image.png; path = "star@2x.png"; sourceTree = "<group>"; };
		5CACD463165A41E60021ECA4 /* star.png */ = {isa = PBXFileReference; lastKnownFileType = image.png; path = star.png; sourceTree = "<group>"; };
		5CACD468165A42A10021ECA4 /* star_highlighted@2x.png */ = {isa = PBXFileReference; lastKnownFileType = image.png; path = "star_highlighted@2x.png"; sourceTree = "<group>"; };
		5CACD469165A42A10021ECA4 /* star_highlighted.png */ = {isa = PBXFileReference; lastKnownFileType = image.png; path = star_highlighted.png; sourceTree = "<group>"; };
		5CDB2355165E875800975DAE /* HSRBadgeConnection.h */ = {isa = PBXFileReference; fileEncoding = 4; lastKnownFileType = sourcecode.c.h; name = HSRBadgeConnection.h; path = Connection/HSRBadgeConnection.h; sourceTree = "<group>"; };
		5CDB2356165E875800975DAE /* HSRBadgeConnection.m */ = {isa = PBXFileReference; fileEncoding = 4; lastKnownFileType = sourcecode.c.objc; name = HSRBadgeConnection.m; path = Connection/HSRBadgeConnection.m; sourceTree = "<group>"; };
		5CFD5AEC16148DAD00B01324 /* Default-568h@2x.png */ = {isa = PBXFileReference; lastKnownFileType = image.png; name = "Default-568h@2x.png"; path = "../Default-568h@2x.png"; sourceTree = "<group>"; };
		5CFD5AF116149AF800B01324 /* en */ = {isa = PBXFileReference; lastKnownFileType = text.plist.strings; name = en; path = en.lproj/Localizable.strings; sourceTree = "<group>"; };
		5CFD5AF31614A16500B01324 /* Default@2x.png */ = {isa = PBXFileReference; lastKnownFileType = image.png; name = "Default@2x.png"; path = "../Default@2x.png"; sourceTree = "<group>"; };
		5CFD5AF51614A19400B01324 /* Default.png */ = {isa = PBXFileReference; lastKnownFileType = image.png; name = Default.png; path = ../Default.png; sourceTree = "<group>"; };
/* End PBXFileReference section */

/* Begin PBXFrameworksBuildPhase section */
		5C95A3D71611F47000C74C28 /* Frameworks */ = {
			isa = PBXFrameworksBuildPhase;
			buildActionMask = 2147483647;
			files = (
				5C90458616305740002F02F7 /* Security.framework in Frameworks */,
				5C922B1B162C5721003D9A85 /* QuartzCore.framework in Frameworks */,
				5C95A3DF1611F47000C74C28 /* UIKit.framework in Frameworks */,
				5C95A3E11611F47000C74C28 /* Foundation.framework in Frameworks */,
				5C95A3E31611F47000C74C28 /* CoreGraphics.framework in Frameworks */,
			);
			runOnlyForDeploymentPostprocessing = 0;
		};
		5C95A4081611F47000C74C28 /* Frameworks */ = {
			isa = PBXFrameworksBuildPhase;
			buildActionMask = 2147483647;
			files = (
				5C95A40E1611F47000C74C28 /* SenTestingKit.framework in Frameworks */,
				5C95A40F1611F47000C74C28 /* UIKit.framework in Frameworks */,
				5C95A4101611F47000C74C28 /* Foundation.framework in Frameworks */,
			);
			runOnlyForDeploymentPostprocessing = 0;
		};
/* End PBXFrameworksBuildPhase section */

/* Begin PBXGroup section */
		5C04FF54166DFE7600053A14 /* Settings */ = {
			isa = PBXGroup;
			children = (
				5C08F19D1647F94C0031B244 /* settings.png */,
				5C08F19E1647F94C0031B244 /* settings@2x.png */,
			);
			name = Settings;
			sourceTree = "<group>";
		};
		5C04FF55166DFE8C00053A14 /* Saldo */ = {
			isa = PBXGroup;
			children = (
				5C85F467163ECED800764B46 /* badgerecent.png */,
				5C85F468163ECED800764B46 /* badgerecent@2x.png */,
				5C85F457163EBB5000764B46 /* badgesaldo.png */,
				5C85F459163EBF1000764B46 /* badgesaldo@2x.png */,
			);
			name = Saldo;
			sourceTree = "<group>";
		};
		5C04FF56166DFF5400053A14 /* Keychain */ = {
			isa = PBXGroup;
			children = (
				5CAAD29316355DAD0049E055 /* NSData+Base64.h */,
				5CAAD29416355DAD0049E055 /* NSData+Base64.m */,
				5CAAD290163541B00049E055 /* KeychainItemWrapper.h */,
				5CAAD291163541B00049E055 /* KeychainItemWrapper.m */,
			);
			name = Keychain;
			sourceTree = "<group>";
		};
		5C0FCCC116527D3600C901AF /* Menu */ = {
			isa = PBXGroup;
			children = (
				5C9F02131654145500CE72E1 /* banner_menu3.png */,
				5C0FCCC91652919700C901AF /* stars0.png */,
				5C0FCCCA1652919700C901AF /* stars0@2x.png */,
				5C34D2161655314200760F19 /* banner_menu1.png */,
				5C34D2171655314200760F19 /* banner_menu2.png */,
				5C9F0216165414F400CE72E1 /* menu_background.png */,
				5C0FCCCB1652919700C901AF /* stars1.png */,
				5C0FCCE116529D5E00C901AF /* astar_blank.png */,
				5C0FCCE216529D5E00C901AF /* astar.png */,
				5C0FCCCC1652919700C901AF /* stars1@2x.png */,
				5C0FCCCD1652919700C901AF /* stars2.png */,
				5C0FCCCE1652919700C901AF /* stars2@2x.png */,
				5C0FCCCF1652919700C901AF /* stars3.png */,
				5C0FCCD01652919700C901AF /* stars3@2x.png */,
				5C0FCCD11652919700C901AF /* stars4.png */,
				5C0FCCD21652919700C901AF /* stars4@2x.png */,
				5C0FCCD31652919800C901AF /* stars5.png */,
				5C0FCCD41652919800C901AF /* stars5@2x.png */,
				5C85F46F163EE14200764B46 /* start.png */,
				5C85F470163EE14200764B46 /* start@2x.png */,
			);
			name = Menu;
			sourceTree = "<group>";
		};
		5C0FCCC316527DBD00C901AF /* NavBar */ = {
			isa = PBXGroup;
			children = (
				5C4698EC16495120007C6B4F /* navbar_settings.png */,
				5C4698ED16495120007C6B4F /* navbar_settings@2x.png */,
				5C4698E816495059007C6B4F /* navbar_badge.png */,
				5C4698E916495059007C6B4F /* navbar_badge@2x.png */,
				5C4698E416494F2C007C6B4F /* navbar_menu.png */,
				5C4698E516494F2C007C6B4F /* navbar_menu@2x.png */,
			);
			name = NavBar;
			sourceTree = "<group>";
		};
		5C0FCCC416527DD900C901AF /* AppIcons */ = {
			isa = PBXGroup;
			children = (
				5C85F455163E6AB900764B46 /* icon_iphone.png */,
				5C85F452163E6AAF00764B46 /* icon_iphone_high.png */,
				5CFD5AF51614A19400B01324 /* Default.png */,
				5CFD5AF31614A16500B01324 /* Default@2x.png */,
				5CFD5AEC16148DAD00B01324 /* Default-568h@2x.png */,
			);
			name = AppIcons;
			sourceTree = "<group>";
		};
		5C15FD17161EB7D30088DE2F /* Ressources */ = {
			isa = PBXGroup;
			children = (
				5CFD5AF71614A28000B01324 /* Icons */,
			);
			name = Ressources;
			sourceTree = "<group>";
		};
		5C4BBFC3164D36F300BF4843 /* Connection */ = {
			isa = PBXGroup;
			children = (
				5CDB2355165E875800975DAE /* HSRBadgeConnection.h */,
				5CDB2356165E875800975DAE /* HSRBadgeConnection.m */,
				5C4BBFC0164D36E900BF4843 /* HSRMenuConnection.h */,
				5C4BBFC1164D36E900BF4843 /* HSRMenuConnection.m */,
			);
			name = Connection;
			sourceTree = "<group>";
		};
		5C4BBFC4164D372200BF4843 /* ViewController */ = {
			isa = PBXGroup;
			children = (
				5C0EBDA316173C4A00DFFFC9 /* HSRMenuViewController.h */,
				5C0EBDA416173C4A00DFFFC9 /* HSRMenuViewController.m */,
				5C15FD13161DD7F90088DE2F /* HSRSettingsViewController.h */,
				5C15FD14161DD7F90088DE2F /* HSRSettingsViewController.m */,
				5C95A3F91611F47000C74C28 /* HSRFirstViewController.h */,
				5C95A3FA1611F47000C74C28 /* HSRFirstViewController.m */,
				5C95A4001611F47000C74C28 /* HSRBadgeViewController.h */,
				5C95A4011611F47000C74C28 /* HSRBadgeViewController.m */,
			);
			name = ViewController;
			sourceTree = "<group>";
		};
		5C922B15162C565B003D9A85 /* ODRefreshControl */ = {
			isa = PBXGroup;
			children = (
				5C922B16162C565B003D9A85 /* ODRefreshControl.h */,
				5C922B17162C565B003D9A85 /* ODRefreshControl.m */,
			);
			path = ODRefreshControl;
			sourceTree = "<group>";
		};
		5C95A3CF1611F47000C74C28 = {
			isa = PBXGroup;
			children = (
				5C95A3E41611F47000C74C28 /* HSRMenu */,
				5C95A4131611F47000C74C28 /* HSRMenuTests */,
				5C95A3DD1611F47000C74C28 /* Frameworks */,
				5C95A3DB1611F47000C74C28 /* Products */,
			);
			sourceTree = "<group>";
		};
		5C95A3DB1611F47000C74C28 /* Products */ = {
			isa = PBXGroup;
			children = (
				5C95A3DA1611F47000C74C28 /* HSRMenu.app */,
				5C95A40C1611F47000C74C28 /* HSRMenuTests.octest */,
			);
			name = Products;
			sourceTree = "<group>";
		};
		5C95A3DD1611F47000C74C28 /* Frameworks */ = {
			isa = PBXGroup;
			children = (
				5C90458516305740002F02F7 /* Security.framework */,
				5C922B1A162C5721003D9A85 /* QuartzCore.framework */,
				5C95A3DE1611F47000C74C28 /* UIKit.framework */,
				5C95A3E01611F47000C74C28 /* Foundation.framework */,
				5C95A3E21611F47000C74C28 /* CoreGraphics.framework */,
				5C95A40D1611F47000C74C28 /* SenTestingKit.framework */,
			);
			name = Frameworks;
			sourceTree = "<group>";
		};
		5C95A3E41611F47000C74C28 /* HSRMenu */ = {
			isa = PBXGroup;
			children = (
				5C95A3ED1611F47000C74C28 /* HSRAppDelegate.h */,
				5C95A3EE1611F47000C74C28 /* HSRAppDelegate.m */,
				5C95A3F61611F47000C74C28 /* MainStoryboard.storyboard */,
				5C15FD17161EB7D30088DE2F /* Ressources */,
				5CACD432165A3AA10021ECA4 /* Views */,
				5C4BBFC4164D372200BF4843 /* ViewController */,
				5C4BBFC3164D36F300BF4843 /* Connection */,
				5C95A3E51611F47000C74C28 /* Supporting Files */,
			);
			path = HSRMenu;
			sourceTree = "<group>";
		};
		5C95A3E51611F47000C74C28 /* Supporting Files */ = {
			isa = PBXGroup;
			children = (
				5C04FF56166DFF5400053A14 /* Keychain */,
				5CACD43B165A3EC40021ECA4 /* StarRating */,
				5C922B15162C565B003D9A85 /* ODRefreshControl */,
				5C95A3E61611F47000C74C28 /* HSRMenu-Info.plist */,
				5C95A3E71611F47000C74C28 /* InfoPlist.strings */,
				5CFD5AF216149AF800B01324 /* Localizable.strings */,
				5C95A3EA1611F47000C74C28 /* main.m */,
				5C95A3EC1611F47000C74C28 /* HSRMenu-Prefix.pch */,
			);
			name = "Supporting Files";
			sourceTree = "<group>";
		};
		5C95A4131611F47000C74C28 /* HSRMenuTests */ = {
			isa = PBXGroup;
			children = (
				5C95A4191611F47000C74C28 /* HSRMenuTests.h */,
				5C95A41A1611F47000C74C28 /* HSRMenuTests.m */,
				5C95A4141611F47000C74C28 /* Supporting Files */,
			);
			path = HSRMenuTests;
			sourceTree = "<group>";
		};
		5C95A4141611F47000C74C28 /* Supporting Files */ = {
			isa = PBXGroup;
			children = (
				5C95A4151611F47000C74C28 /* HSRMenuTests-Info.plist */,
				5C95A4161611F47000C74C28 /* InfoPlist.strings */,
			);
			name = "Supporting Files";
			sourceTree = "<group>";
		};
		5CACD432165A3AA10021ECA4 /* Views */ = {
			isa = PBXGroup;
			children = (
				5C34D212165522EB00760F19 /* HSRRatingView.h */,
				5C34D213165522EB00760F19 /* HSRRatingView.m */,
			);
			name = Views;
			sourceTree = "<group>";
		};
		5CACD43B165A3EC40021ECA4 /* StarRating */ = {
			isa = PBXGroup;
			children = (
				5CACD44A165A3FD20021ECA4 /* DLStarRatingControl.h */,
				5CACD44B165A3FD20021ECA4 /* DLStarRatingControl.m */,
				5CACD44C165A3FD20021ECA4 /* DLStarView.h */,
				5CACD44D165A3FD20021ECA4 /* DLStarView.m */,
				5CACD44E165A3FD20021ECA4 /* images */,
				5CACD455165A3FD20021ECA4 /* UIView+Subviews.h */,
				5CACD456165A3FD20021ECA4 /* UIView+Subviews.m */,
			);
			name = StarRating;
			sourceTree = "<group>";
		};
		5CACD44E165A3FD20021ECA4 /* images */ = {
			isa = PBXGroup;
			children = (
				5CACD468165A42A10021ECA4 /* star_highlighted@2x.png */,
				5CACD469165A42A10021ECA4 /* star_highlighted.png */,
				5CACD460165A41E60021ECA4 /* star@2x.png */,
				5CACD463165A41E60021ECA4 /* star.png */,
			);
			path = images;
			sourceTree = "<group>";
		};
		5CFD5AF71614A28000B01324 /* Icons */ = {
			isa = PBXGroup;
			children = (
				5C04FF55166DFE8C00053A14 /* Saldo */,
				5C04FF54166DFE7600053A14 /* Settings */,
				5C0FCCC416527DD900C901AF /* AppIcons */,
				5C0FCCC316527DBD00C901AF /* NavBar */,
				5C0FCCC116527D3600C901AF /* Menu */,
			);
			name = Icons;
			sourceTree = "<group>";
		};
/* End PBXGroup section */

/* Begin PBXNativeTarget section */
		5C95A3D91611F47000C74C28 /* HSRMenu */ = {
			isa = PBXNativeTarget;
			buildConfigurationList = 5C95A41E1611F47000C74C28 /* Build configuration list for PBXNativeTarget "HSRMenu" */;
			buildPhases = (
				5C95A3D61611F47000C74C28 /* Sources */,
				5C95A3D71611F47000C74C28 /* Frameworks */,
				5C95A3D81611F47000C74C28 /* Resources */,
			);
			buildRules = (
			);
			dependencies = (
			);
			name = HSRMenu;
			productName = HSRMenu;
			productReference = 5C95A3DA1611F47000C74C28 /* HSRMenu.app */;
			productType = "com.apple.product-type.application";
		};
		5C95A40B1611F47000C74C28 /* HSRMenuTests */ = {
			isa = PBXNativeTarget;
			buildConfigurationList = 5C95A4211611F47000C74C28 /* Build configuration list for PBXNativeTarget "HSRMenuTests" */;
			buildPhases = (
				5C95A4071611F47000C74C28 /* Sources */,
				5C95A4081611F47000C74C28 /* Frameworks */,
				5C95A4091611F47000C74C28 /* Resources */,
				5C95A40A1611F47000C74C28 /* ShellScript */,
			);
			buildRules = (
			);
			dependencies = (
				5C95A4121611F47000C74C28 /* PBXTargetDependency */,
			);
			name = HSRMenuTests;
			productName = HSRMenuTests;
			productReference = 5C95A40C1611F47000C74C28 /* HSRMenuTests.octest */;
			productType = "com.apple.product-type.bundle";
		};
/* End PBXNativeTarget section */

/* Begin PBXProject section */
		5C95A3D11611F47000C74C28 /* Project object */ = {
			isa = PBXProject;
			attributes = {
				CLASSPREFIX = HSR;
				LastUpgradeCheck = 0450;
				ORGANIZATIONNAME = "Florian Bentele";
			};
			buildConfigurationList = 5C95A3D41611F47000C74C28 /* Build configuration list for PBXProject "HSRMenu" */;
			compatibilityVersion = "Xcode 3.2";
			developmentRegion = English;
			hasScannedForEncodings = 0;
			knownRegions = (
				en,
			);
			mainGroup = 5C95A3CF1611F47000C74C28;
			productRefGroup = 5C95A3DB1611F47000C74C28 /* Products */;
			projectDirPath = "";
			projectRoot = "";
			targets = (
				5C95A3D91611F47000C74C28 /* HSRMenu */,
				5C95A40B1611F47000C74C28 /* HSRMenuTests */,
			);
		};
/* End PBXProject section */

/* Begin PBXResourcesBuildPhase section */
		5C95A3D81611F47000C74C28 /* Resources */ = {
			isa = PBXResourcesBuildPhase;
			buildActionMask = 2147483647;
			files = (
				5C95A3E91611F47000C74C28 /* InfoPlist.strings in Resources */,
				5C95A3F81611F47000C74C28 /* MainStoryboard.storyboard in Resources */,
				5CFD5AED16148DAD00B01324 /* Default-568h@2x.png in Resources */,
				5CFD5AF016149AF800B01324 /* Localizable.strings in Resources */,
				5CFD5AF41614A16500B01324 /* Default@2x.png in Resources */,
				5CFD5AF61614A19400B01324 /* Default.png in Resources */,
				5C85F453163E6AAF00764B46 /* icon_iphone_high.png in Resources */,
				5C85F456163E6AB900764B46 /* icon_iphone.png in Resources */,
				5C85F458163EBB5000764B46 /* badgesaldo.png in Resources */,
				5C85F45A163EBF1000764B46 /* badgesaldo@2x.png in Resources */,
				5C85F469163ECED800764B46 /* badgerecent.png in Resources */,
				5C85F46A163ECED800764B46 /* badgerecent@2x.png in Resources */,
				5C85F471163EE14200764B46 /* start.png in Resources */,
				5C85F472163EE14200764B46 /* start@2x.png in Resources */,
				5C08F19F1647F94C0031B244 /* settings.png in Resources */,
				5C08F1A01647F94C0031B244 /* settings@2x.png in Resources */,
				5C4698E616494F2C007C6B4F /* navbar_menu.png in Resources */,
				5C4698E716494F2C007C6B4F /* navbar_menu@2x.png in Resources */,
				5C4698EA16495059007C6B4F /* navbar_badge.png in Resources */,
				5C4698EB16495059007C6B4F /* navbar_badge@2x.png in Resources */,
				5C4698EE16495120007C6B4F /* navbar_settings.png in Resources */,
				5C4698EF16495120007C6B4F /* navbar_settings@2x.png in Resources */,
				5C0FCCD51652919800C901AF /* stars0.png in Resources */,
				5C0FCCD61652919800C901AF /* stars0@2x.png in Resources */,
				5C0FCCD71652919800C901AF /* stars1.png in Resources */,
				5C0FCCD81652919800C901AF /* stars1@2x.png in Resources */,
				5C0FCCD91652919800C901AF /* stars2.png in Resources */,
				5C0FCCDA1652919800C901AF /* stars2@2x.png in Resources */,
				5C0FCCDB1652919800C901AF /* stars3.png in Resources */,
				5C0FCCDC1652919800C901AF /* stars3@2x.png in Resources */,
				5C0FCCDD1652919800C901AF /* stars4.png in Resources */,
				5C0FCCDE1652919800C901AF /* stars4@2x.png in Resources */,
				5C0FCCDF1652919800C901AF /* stars5.png in Resources */,
				5C0FCCE01652919800C901AF /* stars5@2x.png in Resources */,
				5C0FCCE316529D5E00C901AF /* astar_blank.png in Resources */,
				5C0FCCE416529D5E00C901AF /* astar.png in Resources */,
				5C9F02141654145500CE72E1 /* banner_menu3.png in Resources */,
				5C9F0217165414F400CE72E1 /* menu_background.png in Resources */,
				5C34D2181655314200760F19 /* banner_menu1.png in Resources */,
				5C34D2191655314200760F19 /* banner_menu2.png in Resources */,
				5CACD464165A41E60021ECA4 /* star@2x.png in Resources */,
				5CACD467165A41E60021ECA4 /* star.png in Resources */,
				5CACD46A165A42A10021ECA4 /* star_highlighted@2x.png in Resources */,
				5CACD46B165A42A10021ECA4 /* star_highlighted.png in Resources */,
			);
			runOnlyForDeploymentPostprocessing = 0;
		};
		5C95A4091611F47000C74C28 /* Resources */ = {
			isa = PBXResourcesBuildPhase;
			buildActionMask = 2147483647;
			files = (
				5C95A4181611F47000C74C28 /* InfoPlist.strings in Resources */,
			);
			runOnlyForDeploymentPostprocessing = 0;
		};
/* End PBXResourcesBuildPhase section */

/* Begin PBXShellScriptBuildPhase section */
		5C95A40A1611F47000C74C28 /* ShellScript */ = {
			isa = PBXShellScriptBuildPhase;
			buildActionMask = 2147483647;
			files = (
			);
			inputPaths = (
			);
			outputPaths = (
			);
			runOnlyForDeploymentPostprocessing = 0;
			shellPath = /bin/sh;
			shellScript = "# Run the unit tests in this test bundle.\n\"${SYSTEM_DEVELOPER_DIR}/Tools/RunUnitTests\"\n";
		};
/* End PBXShellScriptBuildPhase section */

/* Begin PBXSourcesBuildPhase section */
		5C95A3D61611F47000C74C28 /* Sources */ = {
			isa = PBXSourcesBuildPhase;
			buildActionMask = 2147483647;
			files = (
				5C95A3EB1611F47000C74C28 /* main.m in Sources */,
				5C95A3EF1611F47000C74C28 /* HSRAppDelegate.m in Sources */,
				5C95A3FB1611F47000C74C28 /* HSRFirstViewController.m in Sources */,
				5C95A4021611F47000C74C28 /* HSRBadgeViewController.m in Sources */,
				5C0EBDA516173C4A00DFFFC9 /* HSRMenuViewController.m in Sources */,
				5C15FD15161DD7F90088DE2F /* HSRSettingsViewController.m in Sources */,
				5C922B18162C565B003D9A85 /* ODRefreshControl.m in Sources */,
				5CAAD292163541B00049E055 /* KeychainItemWrapper.m in Sources */,
				5CAAD29516355DAD0049E055 /* NSData+Base64.m in Sources */,
				5C4BBFC2164D36E900BF4843 /* HSRMenuConnection.m in Sources */,
				5C34D214165522EB00760F19 /* HSRRatingView.m in Sources */,
				5CACD457165A3FD20021ECA4 /* DLStarRatingControl.m in Sources */,
				5CACD458165A3FD20021ECA4 /* DLStarView.m in Sources */,
				5CACD45F165A3FD20021ECA4 /* UIView+Subviews.m in Sources */,
				5CDB2357165E875800975DAE /* HSRBadgeConnection.m in Sources */,
			);
			runOnlyForDeploymentPostprocessing = 0;
		};
		5C95A4071611F47000C74C28 /* Sources */ = {
			isa = PBXSourcesBuildPhase;
			buildActionMask = 2147483647;
			files = (
				5C95A41B1611F47000C74C28 /* HSRMenuTests.m in Sources */,
			);
			runOnlyForDeploymentPostprocessing = 0;
		};
/* End PBXSourcesBuildPhase section */

/* Begin PBXTargetDependency section */
		5C95A4121611F47000C74C28 /* PBXTargetDependency */ = {
			isa = PBXTargetDependency;
			target = 5C95A3D91611F47000C74C28 /* HSRMenu */;
			targetProxy = 5C95A4111611F47000C74C28 /* PBXContainerItemProxy */;
		};
/* End PBXTargetDependency section */

/* Begin PBXVariantGroup section */
		5C95A3E71611F47000C74C28 /* InfoPlist.strings */ = {
			isa = PBXVariantGroup;
			children = (
				5C95A3E81611F47000C74C28 /* en */,
			);
			name = InfoPlist.strings;
			sourceTree = "<group>";
		};
		5C95A3F61611F47000C74C28 /* MainStoryboard.storyboard */ = {
			isa = PBXVariantGroup;
			children = (
				5C95A3F71611F47000C74C28 /* en */,
			);
			name = MainStoryboard.storyboard;
			sourceTree = "<group>";
		};
		5C95A4161611F47000C74C28 /* InfoPlist.strings */ = {
			isa = PBXVariantGroup;
			children = (
				5C95A4171611F47000C74C28 /* en */,
			);
			name = InfoPlist.strings;
			sourceTree = "<group>";
		};
		5CFD5AF216149AF800B01324 /* Localizable.strings */ = {
			isa = PBXVariantGroup;
			children = (
				5CFD5AF116149AF800B01324 /* en */,
			);
			name = Localizable.strings;
			sourceTree = "<group>";
		};
/* End PBXVariantGroup section */

/* Begin XCBuildConfiguration section */
		5C95A41C1611F47000C74C28 /* Debug */ = {
			isa = XCBuildConfiguration;
			buildSettings = {
				ALWAYS_SEARCH_USER_PATHS = NO;
				CLANG_CXX_LANGUAGE_STANDARD = "gnu++0x";
				CLANG_CXX_LIBRARY = "libc++";
				CLANG_ENABLE_OBJC_ARC = YES;
				CLANG_WARN_EMPTY_BODY = YES;
				CLANG_WARN__DUPLICATE_METHOD_MATCH = YES;
				CODE_SIGN_IDENTITY = "iPhone Developer: Florian Bentele (U6DBDHF537)";
				"CODE_SIGN_IDENTITY[sdk=iphoneos*]" = "iPhone Developer: Florian Bentele (U6DBDHF537)";
				COPY_PHASE_STRIP = NO;
				GCC_C_LANGUAGE_STANDARD = gnu99;
				GCC_DYNAMIC_NO_PIC = NO;
				GCC_OPTIMIZATION_LEVEL = 0;
				GCC_PREPROCESSOR_DEFINITIONS = (
					"DEBUG=1",
					"$(inherited)",
				);
				GCC_SYMBOLS_PRIVATE_EXTERN = NO;
				GCC_WARN_ABOUT_RETURN_TYPE = YES;
				GCC_WARN_UNINITIALIZED_AUTOS = YES;
				GCC_WARN_UNUSED_VARIABLE = YES;
				IPHONEOS_DEPLOYMENT_TARGET = 6.0;
				PROVISIONING_PROFILE = "E50E1C87-0486-46AB-AF93-5C60DA2117C9";
				"PROVISIONING_PROFILE[sdk=iphoneos*]" = "E50E1C87-0486-46AB-AF93-5C60DA2117C9";
				SDKROOT = iphoneos;
			};
			name = Debug;
		};
		5C95A41D1611F47000C74C28 /* Release */ = {
			isa = XCBuildConfiguration;
			buildSettings = {
				ALWAYS_SEARCH_USER_PATHS = NO;
				CLANG_CXX_LANGUAGE_STANDARD = "gnu++0x";
				CLANG_CXX_LIBRARY = "libc++";
				CLANG_ENABLE_OBJC_ARC = YES;
				CLANG_WARN_EMPTY_BODY = YES;
				CLANG_WARN__DUPLICATE_METHOD_MATCH = YES;
				CODE_SIGN_IDENTITY = "iPhone Developer: Florian Bentele (U6DBDHF537)";
				"CODE_SIGN_IDENTITY[sdk=iphoneos*]" = "iPhone Developer: Florian Bentele (U6DBDHF537)";
				COPY_PHASE_STRIP = YES;
				GCC_C_LANGUAGE_STANDARD = gnu99;
				GCC_WARN_ABOUT_RETURN_TYPE = YES;
				GCC_WARN_UNINITIALIZED_AUTOS = YES;
				GCC_WARN_UNUSED_VARIABLE = YES;
				IPHONEOS_DEPLOYMENT_TARGET = 6.0;
				OTHER_CFLAGS = "-DNS_BLOCK_ASSERTIONS=1";
				PROVISIONING_PROFILE = "E50E1C87-0486-46AB-AF93-5C60DA2117C9";
				"PROVISIONING_PROFILE[sdk=iphoneos*]" = "E50E1C87-0486-46AB-AF93-5C60DA2117C9";
				SDKROOT = iphoneos;
				VALIDATE_PRODUCT = YES;
			};
			name = Release;
		};
		5C95A41F1611F47000C74C28 /* Debug */ = {
			isa = XCBuildConfiguration;
			buildSettings = {
				GCC_PRECOMPILE_PREFIX_HEADER = YES;
				GCC_PREFIX_HEADER = "HSRMenu/HSRMenu-Prefix.pch";
				INFOPLIST_FILE = "HSRMenu/HSRMenu-Info.plist";
				IPHONEOS_DEPLOYMENT_TARGET = 5.1;
				PRODUCT_NAME = "$(TARGET_NAME)";
				TARGETED_DEVICE_FAMILY = 1;
				WRAPPER_EXTENSION = app;
			};
			name = Debug;
		};
		5C95A4201611F47000C74C28 /* Release */ = {
			isa = XCBuildConfiguration;
			buildSettings = {
				GCC_PRECOMPILE_PREFIX_HEADER = YES;
				GCC_PREFIX_HEADER = "HSRMenu/HSRMenu-Prefix.pch";
				INFOPLIST_FILE = "HSRMenu/HSRMenu-Info.plist";
				IPHONEOS_DEPLOYMENT_TARGET = 5.1;
				PRODUCT_NAME = "$(TARGET_NAME)";
				TARGETED_DEVICE_FAMILY = 1;
				WRAPPER_EXTENSION = app;
			};
			name = Release;
		};
		5C95A4221611F47000C74C28 /* Debug */ = {
			isa = XCBuildConfiguration;
			buildSettings = {
				BUNDLE_LOADER = "$(BUILT_PRODUCTS_DIR)/HSRMenu.app/HSRMenu";
				FRAMEWORK_SEARCH_PATHS = (
					"\"$(SDKROOT)/Developer/Library/Frameworks\"",
					"\"$(DEVELOPER_LIBRARY_DIR)/Frameworks\"",
				);
				GCC_PRECOMPILE_PREFIX_HEADER = YES;
				GCC_PREFIX_HEADER = "HSRMenu/HSRMenu-Prefix.pch";
				INFOPLIST_FILE = "HSRMenuTests/HSRMenuTests-Info.plist";
				PRODUCT_NAME = "$(TARGET_NAME)";
				TEST_HOST = "$(BUNDLE_LOADER)";
				WRAPPER_EXTENSION = octest;
			};
			name = Debug;
		};
		5C95A4231611F47000C74C28 /* Release */ = {
			isa = XCBuildConfiguration;
			buildSettings = {
				BUNDLE_LOADER = "$(BUILT_PRODUCTS_DIR)/HSRMenu.app/HSRMenu";
				FRAMEWORK_SEARCH_PATHS = (
					"\"$(SDKROOT)/Developer/Library/Frameworks\"",
					"\"$(DEVELOPER_LIBRARY_DIR)/Frameworks\"",
				);
				GCC_PRECOMPILE_PREFIX_HEADER = YES;
				GCC_PREFIX_HEADER = "HSRMenu/HSRMenu-Prefix.pch";
				INFOPLIST_FILE = "HSRMenuTests/HSRMenuTests-Info.plist";
				PRODUCT_NAME = "$(TARGET_NAME)";
				TEST_HOST = "$(BUNDLE_LOADER)";
				WRAPPER_EXTENSION = octest;
			};
			name = Release;
		};
/* End XCBuildConfiguration section */

/* Begin XCConfigurationList section */
		5C95A3D41611F47000C74C28 /* Build configuration list for PBXProject "HSRMenu" */ = {
			isa = XCConfigurationList;
			buildConfigurations = (
				5C95A41C1611F47000C74C28 /* Debug */,
				5C95A41D1611F47000C74C28 /* Release */,
			);
			defaultConfigurationIsVisible = 0;
			defaultConfigurationName = Release;
		};
		5C95A41E1611F47000C74C28 /* Build configuration list for PBXNativeTarget "HSRMenu" */ = {
			isa = XCConfigurationList;
			buildConfigurations = (
				5C95A41F1611F47000C74C28 /* Debug */,
				5C95A4201611F47000C74C28 /* Release */,
			);
			defaultConfigurationIsVisible = 0;
			defaultConfigurationName = Release;
		};
		5C95A4211611F47000C74C28 /* Build configuration list for PBXNativeTarget "HSRMenuTests" */ = {
			isa = XCConfigurationList;
			buildConfigurations = (
				5C95A4221611F47000C74C28 /* Debug */,
				5C95A4231611F47000C74C28 /* Release */,
			);
			defaultConfigurationIsVisible = 0;
			defaultConfigurationName = Release;
		};
/* End XCConfigurationList section */
	};
	rootObject = 5C95A3D11611F47000C74C28 /* Project object */;
}
